
Microsoft Visual Studio Solution File, Format Version 12.00
# Visual Studio Version 16
VisualStudioVersion = 16.0.30011.22
MinimumVisualStudioVersion = 10.0.40219.1
Project("{FAE04EC0-301F-11D3-BF4B-00C04F79EFBC}") = "Pill Identifier", "Pill Identifier\Pill Identifier.csproj", "{C5139257-5F7C-42A8-A0F1-BC5B7CCEF681}"
EndProject
Global
	GlobalSection(SolutionConfigurationPlatforms) = preSolution
		Debug|Any CPU = Debug|Any CPU
		Release|Any CPU = Release|Any CPU
	EndGlobalSection
	GlobalSection(ProjectConfigurationPlatforms) = postSolution
		{C5139257-5F7C-42A8-A0F1-BC5B7CCEF681}.Debug|Any CPU.ActiveCfg = Debug|Any CPU
		{C5139257-5F7C-42A8-A0F1-BC5B7CCEF681}.Debug|Any CPU.Build.0 = Debug|Any CPU
		{C5139257-5F7C-42A8-A0F1-BC5B7CCEF681}.Release|Any CPU.ActiveCfg = Release|Any CPU
		{C5139257-5F7C-42A8-A0F1-BC5B7CCEF681}.Release|Any CPU.Build.0 = Release|Any CPU
	EndGlobalSection
	GlobalSection(SolutionProperties) = preSolution
		HideSolutionNode = FALSE
	EndGlobalSection
	GlobalSection(ExtensibilityGlobals) = postSolution
		SolutionGuid = {16B3BAF9-3FF8-4FA5-A55D-615E7AA99C6C}
	EndGlobalSection
EndGlobal
